// !$*UTF8*$!
{
	archiveVersion = 1;
	classes = {
	};
	objectVersion = 50;
	objects = {

/* Begin PBXBuildFile section */
		0426041F239D416400CF9F84 /* AppDelegate.swift in Sources */ = {isa = PBXBuildFile; fileRef = 0426041E239D416400CF9F84 /* AppDelegate.swift */; };
		04260421239D416400CF9F84 /* SceneDelegate.swift in Sources */ = {isa = PBXBuildFile; fileRef = 04260420239D416400CF9F84 /* SceneDelegate.swift */; };
		04260423239D416400CF9F84 /* ContentView.swift in Sources */ = {isa = PBXBuildFile; fileRef = 04260422239D416400CF9F84 /* ContentView.swift */; };
		04260425239D416800CF9F84 /* Assets.xcassets in Resources */ = {isa = PBXBuildFile; fileRef = 04260424239D416800CF9F84 /* Assets.xcassets */; };
		04260428239D416800CF9F84 /* Preview Assets.xcassets in Resources */ = {isa = PBXBuildFile; fileRef = 04260427239D416800CF9F84 /* Preview Assets.xcassets */; };
		0426042B239D416800CF9F84 /* LaunchScreen.storyboard in Resources */ = {isa = PBXBuildFile; fileRef = 04260429239D416800CF9F84 /* LaunchScreen.storyboard */; };
		04260436239D416800CF9F84 /* HITests.swift in Sources */ = {isa = PBXBuildFile; fileRef = 04260435239D416800CF9F84 /* HITests.swift */; };
		04260441239D416900CF9F84 /* HIUITests.swift in Sources */ = {isa = PBXBuildFile; fileRef = 04260440239D416900CF9F84 /* HIUITests.swift */; };
/* End PBXBuildFile section */

/* Begin PBXContainerItemProxy section */
		04260432239D416800CF9F84 /* PBXContainerItemProxy */ = {
			isa = PBXContainerItemProxy;
			containerPortal = 04260413239D416400CF9F84 /* Project object */;
			proxyType = 1;
			remoteGlobalIDString = 0426041A239D416400CF9F84;
			remoteInfo = HI;
		};
		0426043D239D416900CF9F84 /* PBXContainerItemProxy */ = {
			isa = PBXContainerItemProxy;
			containerPortal = 04260413239D416400CF9F84 /* Project object */;
			proxyType = 1;
			remoteGlobalIDString = 0426041A239D416400CF9F84;
			remoteInfo = HI;
		};
/* End PBXContainerItemProxy section */

/* Begin PBXFileReference section */
		0426041B239D416400CF9F84 /* HI.app */ = {isa = PBXFileReference; explicitFileType = wrapper.application; includeInIndex = 0; path = HI.app; sourceTree = BUILT_PRODUCTS_DIR; };
		0426041E239D416400CF9F84 /* AppDelegate.swift */ = {isa = PBXFileReference; lastKnownFileType = sourcecode.swift; path = AppDelegate.swift; sourceTree = "<group>"; };
		04260420239D416400CF9F84 /* SceneDelegate.swift */ = {isa = PBXFileReference; lastKnownFileType = sourcecode.swift; path = SceneDelegate.swift; sourceTree = "<group>"; };
		04260422239D416400CF9F84 /* ContentView.swift */ = {isa = PBXFileReference; lastKnownFileType = sourcecode.swift; path = ContentView.swift; sourceTree = "<group>"; };
		04260424239D416800CF9F84 /* Assets.xcassets */ = {isa = PBXFileReference; lastKnownFileType = folder.assetcatalog; path = Assets.xcassets; sourceTree = "<group>"; };
		04260427239D416800CF9F84 /* Preview Assets.xcassets */ = {isa = PBXFileReference; lastKnownFileType = folder.assetcatalog; path = "Preview Assets.xcassets"; sourceTree = "<group>"; };
		0426042A239D416800CF9F84 /* Base */ = {isa = PBXFileReference; lastKnownFileType = file.storyboard; name = Base; path = Base.lproj/LaunchScreen.storyboard; sourceTree = "<group>"; };
		0426042C239D416800CF9F84 /* Info.plist */ = {isa = PBXFileReference; lastKnownFileType = text.plist.xml; path = Info.plist; sourceTree = "<group>"; };
		04260431239D416800CF9F84 /* HITests.xctest */ = {isa = PBXFileReference; explicitFileType = wrapper.cfbundle; includeInIndex = 0; path = HITests.xctest; sourceTree = BUILT_PRODUCTS_DIR; };
		04260435239D416800CF9F84 /* HITests.swift */ = {isa = PBXFileReference; lastKnownFileType = sourcecode.swift; path = HITests.swift; sourceTree = "<group>"; };
		04260437239D416800CF9F84 /* Info.plist */ = {isa = PBXFileReference; lastKnownFileType = text.plist.xml; path = Info.plist; sourceTree = "<group>"; };
		0426043C239D416900CF9F84 /* HIUITests.xctest */ = {isa = PBXFileReference; explicitFileType = wrapper.cfbundle; includeInIndex = 0; path = HIUITests.xctest; sourceTree = BUILT_PRODUCTS_DIR; };
		04260440239D416900CF9F84 /* HIUITests.swift */ = {isa = PBXFileReference; lastKnownFileType = sourcecode.swift; path = HIUITests.swift; sourceTree = "<group>"; };
		04260442239D416900CF9F84 /* Info.plist */ = {isa = PBXFileReference; lastKnownFileType = text.plist.xml; path = Info.plist; sourceTree = "<group>"; };
/* End PBXFileReference section */

/* Begin PBXFrameworksBuildPhase section */
		04260418239D416400CF9F84 /* Frameworks */ = {
			isa = PBXFrameworksBuildPhase;
			buildActionMask = 2147483647;
			files = (
			);
			runOnlyForDeploymentPostprocessing = 0;
		};
		0426042E239D416800CF9F84 /* Frameworks */ = {
			isa = PBXFrameworksBuildPhase;
			buildActionMask = 2147483647;
			files = (
			);
			runOnlyForDeploymentPostprocessing = 0;
		};
		04260439239D416900CF9F84 /* Frameworks */ = {
			isa = PBXFrameworksBuildPhase;
			buildActionMask = 2147483647;
			files = (
			);
			runOnlyForDeploymentPostprocessing = 0;
		};
/* End PBXFrameworksBuildPhase section */

/* Begin PBXGroup section */
		04260412239D416400CF9F84 = {
			isa = PBXGroup;
			children = (
				0426041D239D416400CF9F84 /* HI */,
				04260434239D416800CF9F84 /* HITests */,
				0426043F239D416900CF9F84 /* HIUITests */,
				0426041C239D416400CF9F84 /* Products */,
			);
			sourceTree = "<group>";
		};
		0426041C239D416400CF9F84 /* Products */ = {
			isa = PBXGroup;
			children = (
				0426041B239D416400CF9F84 /* HI.app */,
				04260431239D416800CF9F84 /* HITests.xctest */,
				0426043C239D416900CF9F84 /* HIUITests.xctest */,
			);
			name = Products;
			sourceTree = "<group>";
		};
		0426041D239D416400CF9F84 /* HI */ = {
			isa = PBXGroup;
			children = (
				0426041E239D416400CF9F84 /* AppDelegate.swift */,
				04260420239D416400CF9F84 /* SceneDelegate.swift */,
				04260422239D416400CF9F84 /* ContentView.swift */,
				04260424239D416800CF9F84 /* Assets.xcassets */,
				04260429239D416800CF9F84 /* LaunchScreen.storyboard */,
				0426042C239D416800CF9F84 /* Info.plist */,
				04260426239D416800CF9F84 /* Preview Content */,
			);
			path = HI;
			sourceTree = "<group>";
		};
		04260426239D416800CF9F84 /* Preview Content */ = {
			isa = PBXGroup;
			children = (
				04260427239D416800CF9F84 /* Preview Assets.xcassets */,
			);
			path = "Preview Content";
			sourceTree = "<group>";
		};
		04260434239D416800CF9F84 /* HITests */ = {
			isa = PBXGroup;
			children = (
				04260435239D416800CF9F84 /* HITests.swift */,
				04260437239D416800CF9F84 /* Info.plist */,
			);
			path = HITests;
			sourceTree = "<group>";
		};
		0426043F239D416900CF9F84 /* HIUITests */ = {
			isa = PBXGroup;
			children = (
				04260440239D416900CF9F84 /* HIUITests.swift */,
				04260442239D416900CF9F84 /* Info.plist */,
			);
			path = HIUITests;
			sourceTree = "<group>";
		};
/* End PBXGroup section */

/* Begin PBXNativeTarget section */
		0426041A239D416400CF9F84 /* HI */ = {
			isa = PBXNativeTarget;
			buildConfigurationList = 04260445239D416900CF9F84 /* Build configuration list for PBXNativeTarget "HI" */;
			buildPhases = (
				04260417239D416400CF9F84 /* Sources */,
				04260418239D416400CF9F84 /* Frameworks */,
				04260419239D416400CF9F84 /* Resources */,
			);
			buildRules = (
			);
			dependencies = (
			);
			name = HI;
			productName = HI;
			productReference = 0426041B239D416400CF9F84 /* HI.app */;
			productType = "com.apple.product-type.application";
		};
		04260430239D416800CF9F84 /* HITests */ = {
			isa = PBXNativeTarget;
			buildConfigurationList = 04260448239D416900CF9F84 /* Build configuration list for PBXNativeTarget "HITests" */;
			buildPhases = (
				0426042D239D416800CF9F84 /* Sources */,
				0426042E239D416800CF9F84 /* Frameworks */,
				0426042F239D416800CF9F84 /* Resources */,
			);
			buildRules = (
			);
			dependencies = (
				04260433239D416800CF9F84 /* PBXTargetDependency */,
			);
			name = HITests;
			productName = HITests;
			productReference = 04260431239D416800CF9F84 /* HITests.xctest */;
			productType = "com.apple.product-type.bundle.unit-test";
		};
		0426043B239D416900CF9F84 /* HIUITests */ = {
			isa = PBXNativeTarget;
			buildConfigurationList = 0426044B239D416900CF9F84 /* Build configuration list for PBXNativeTarget "HIUITests" */;
			buildPhases = (
				04260438239D416900CF9F84 /* Sources */,
				04260439239D416900CF9F84 /* Frameworks */,
				0426043A239D416900CF9F84 /* Resources */,
			);
			buildRules = (
			);
			dependencies = (
				0426043E239D416900CF9F84 /* PBXTargetDependency */,
			);
			name = HIUITests;
			productName = HIUITests;
			productReference = 0426043C239D416900CF9F84 /* HIUITests.xctest */;
			productType = "com.apple.product-type.bundle.ui-testing";
		};
/* End PBXNativeTarget section */

/* Begin PBXProject section */
		04260413239D416400CF9F84 /* Project object */ = {
			isa = PBXProject;
			attributes = {
				LastSwiftUpdateCheck = 1110;
				LastUpgradeCheck = 1110;
				ORGANIZATIONNAME = MAC;
				TargetAttributes = {
					0426041A239D416400CF9F84 = {
						CreatedOnToolsVersion = 11.1;
					};
					04260430239D416800CF9F84 = {
						CreatedOnToolsVersion = 11.1;
						TestTargetID = 0426041A239D416400CF9F84;
					};
					0426043B239D416900CF9F84 = {
						CreatedOnToolsVersion = 11.1;
						TestTargetID = 0426041A239D416400CF9F84;
					};
				};
			};
			buildConfigurationList = 04260416239D416400CF9F84 /* Build configuration list for PBXProject "HI" */;
			compatibilityVersion = "Xcode 9.3";
			developmentRegion = en;
			hasScannedForEncodings = 0;
			knownRegions = (
				en,
				Base,
			);
			mainGroup = 04260412239D416400CF9F84;
			productRefGroup = 0426041C239D416400CF9F84 /* Products */;
			projectDirPath = "";
			projectRoot = "";
			targets = (
				0426041A239D416400CF9F84 /* HI */,
				04260430239D416800CF9F84 /* HITests */,
				0426043B239D416900CF9F84 /* HIUITests */,
			);
		};
/* End PBXProject section */

/* Begin PBXResourcesBuildPhase section */
		04260419239D416400CF9F84 /* Resources */ = {
			isa = PBXResourcesBuildPhase;
			buildActionMask = 2147483647;
			files = (
				0426042B239D416800CF9F84 /* LaunchScreen.storyboard in Resources */,
				04260428239D416800CF9F84 /* Preview Assets.xcassets in Resources */,
				04260425239D416800CF9F84 /* Assets.xcassets in Resources */,
			);
			runOnlyForDeploymentPostprocessing = 0;
		};
		0426042F239D416800CF9F84 /* Resources */ = {
			isa = PBXResourcesBuildPhase;
			buildActionMask = 2147483647;
			files = (
			);
			runOnlyForDeploymentPostprocessing = 0;
		};
		0426043A239D416900CF9F84 /* Resources */ = {
			isa = PBXResourcesBuildPhase;
			buildActionMask = 2147483647;
			files = (
			);
			runOnlyForDeploymentPostprocessing = 0;
		};
/* End PBXResourcesBuildPhase section */

/* Begin PBXSourcesBuildPhase section */
		04260417239D416400CF9F84 /* Sources */ = {
			isa = PBXSourcesBuildPhase;
			buildActionMask = 2147483647;
			files = (
				0426041F239D416400CF9F84 /* AppDelegate.swift in Sources */,
				04260421239D416400CF9F84 /* SceneDelegate.swift in Sources */,
				04260423239D416400CF9F84 /* ContentView.swift in Sources */,
			);
			runOnlyForDeploymentPostprocessing = 0;
		};
		0426042D239D416800CF9F84 /* Sources */ = {
			isa = PBXSourcesBuildPhase;
			buildActionMask = 2147483647;
			files = (
				04260436239D416800CF9F84 /* HITests.swift in Sources */,
			);
			runOnlyForDeploymentPostprocessing = 0;
		};
		04260438239D416900CF9F84 /* Sources */ = {
			isa = PBXSourcesBuildPhase;
			buildActionMask = 2147483647;
			files = (
				04260441239D416900CF9F84 /* HIUITests.swift in Sources */,
			);
			runOnlyForDeploymentPostprocessing = 0;
		};
/* End PBXSourcesBuildPhase section */

/* Begin PBXTargetDependency section */
		04260433239D416800CF9F84 /* PBXTargetDependency */ = {
			isa = PBXTargetDependency;
			target = 0426041A239D416400CF9F84 /* HI */;
			targetProxy = 04260432239D416800CF9F84 /* PBXContainerItemProxy */;
		};
		0426043E239D416900CF9F84 /* PBXTargetDependency */ = {
			isa = PBXTargetDependency;
			target = 0426041A239D416400CF9F84 /* HI */;
			targetProxy = 0426043D239D416900CF9F84 /* PBXContainerItemProxy */;
		};
/* End PBXTargetDependency section */

/* Begin PBXVariantGroup section */
		04260429239D416800CF9F84 /* LaunchScreen.storyboard */ = {
			isa = PBXVariantGroup;
			children = (
				0426042A239D416800CF9F84 /* Base */,
			);
			name = LaunchScreen.storyboard;
			sourceTree = "<group>";
		};
/* End PBXVariantGroup section */

/* Begin XCBuildConfiguration section */
		04260443239D416900CF9F84 /* Debug */ = {
			isa = XCBuildConfiguration;
			buildSettings = {
				ALWAYS_SEARCH_USER_PATHS = NO;
				CLANG_ANALYZER_NONNULL = YES;
				CLANG_ANALYZER_NUMBER_OBJECT_CONVERSION = YES_AGGRESSIVE;
				CLANG_CXX_LANGUAGE_STANDARD = "gnu++14";
				CLANG_CXX_LIBRARY = "libc++";
				CLANG_ENABLE_MODULES = YES;
				CLANG_ENABLE_OBJC_ARC = YES;
				CLANG_ENABLE_OBJC_WEAK = YES;
				CLANG_WARN_BLOCK_CAPTURE_AUTORELEASING = YES;
				CLANG_WARN_BOOL_CONVERSION = YES;
				CLANG_WARN_COMMA = YES;
				CLANG_WARN_CONSTANT_CONVERSION = YES;
				CLANG_WARN_DEPRECATED_OBJC_IMPLEMENTATIONS = YES;
				CLANG_WARN_DIRECT_OBJC_ISA_USAGE = YES_ERROR;
				CLANG_WARN_DOCUMENTATION_COMMENTS = YES;
				CLANG_WARN_EMPTY_BODY = YES;
				CLANG_WARN_ENUM_CONVERSION = YES;
				CLANG_WARN_INFINITE_RECURSION = YES;
				CLANG_WARN_INT_CONVERSION = YES;
				CLANG_WARN_NON_LITERAL_NULL_CONVERSION = YES;
				CLANG_WARN_OBJC_IMPLICIT_RETAIN_SELF = YES;
				CLANG_WARN_OBJC_LITERAL_CONVERSION = YES;
				CLANG_WARN_OBJC_ROOT_CLASS = YES_ERROR;
				CLANG_WARN_RANGE_LOOP_ANALYSIS = YES;
				CLANG_WARN_STRICT_PROTOTYPES = YES;
				CLANG_WARN_SUSPICIOUS_MOVE = YES;
				CLANG_WARN_UNGUARDED_AVAILABILITY = YES_AGGRESSIVE;
				CLANG_WARN_UNREACHABLE_CODE = YES;
				CLANG_WARN__DUPLICATE_METHOD_MATCH = YES;
				COPY_PHASE_STRIP = NO;
				DEBUG_INFORMATION_FORMAT = dwarf;
				ENABLE_STRICT_OBJC_MSGSEND = YES;
				ENABLE_TESTABILITY = YES;
				GCC_C_LANGUAGE_STANDARD = gnu11;
				GCC_DYNAMIC_NO_PIC = NO;
				GCC_NO_COMMON_BLOCKS = YES;
				GCC_OPTIMIZATION_LEVEL = 0;
				GCC_PREPROCESSOR_DEFINITIONS = (
					"DEBUG=1",
					"$(inherited)",
				);
				GCC_WARN_64_TO_32_BIT_CONVERSION = YES;
				GCC_WARN_ABOUT_RETURN_TYPE = YES_ERROR;
				GCC_WARN_UNDECLARED_SELECTOR = YES;
				GCC_WARN_UNINITIALIZED_AUTOS = YES_AGGRESSIVE;
				GCC_WARN_UNUSED_FUNCTION = YES;
				GCC_WARN_UNUSED_VARIABLE = YES;
				IPHONEOS_DEPLOYMENT_TARGET = 13.1;
				MTL_ENABLE_DEBUG_INFO = INCLUDE_SOURCE;
				MTL_FAST_MATH = YES;
				ONLY_ACTIVE_ARCH = YES;
				SDKROOT = iphoneos;
				SWIFT_ACTIVE_COMPILATION_CONDITIONS = DEBUG;
				SWIFT_OPTIMIZATION_LEVEL = "-Onone";
			};
			name = Debug;
		};
		04260444239D416900CF9F84 /* Release */ = {
			isa = XCBuildConfiguration;
			buildSettings = {
				ALWAYS_SEARCH_USER_PATHS = NO;
				CLANG_ANALYZER_NONNULL = YES;
				CLANG_ANALYZER_NUMBER_OBJECT_CONVERSION = YES_AGGRESSIVE;
				CLANG_CXX_LANGUAGE_STANDARD = "gnu++14";
				CLANG_CXX_LIBRARY = "libc++";
				CLANG_ENABLE_MODULES = YES;
				CLANG_ENABLE_OBJC_ARC = YES;
				CLANG_ENABLE_OBJC_WEAK = YES;
				CLANG_WARN_BLOCK_CAPTURE_AUTORELEASING = YES;
				CLANG_WARN_BOOL_CONVERSION = YES;
				CLANG_WARN_COMMA = YES;
				CLANG_WARN_CONSTANT_CONVERSION = YES;
				CLANG_WARN_DEPRECATED_OBJC_IMPLEMENTATIONS = YES;
				CLANG_WARN_DIRECT_OBJC_ISA_USAGE = YES_ERROR;
				CLANG_WARN_DOCUMENTATION_COMMENTS = YES;
				CLANG_WARN_EMPTY_BODY = YES;
				CLANG_WARN_ENUM_CONVERSION = YES;
				CLANG_WARN_INFINITE_RECURSION = YES;
				CLANG_WARN_INT_CONVERSION = YES;
				CLANG_WARN_NON_LITERAL_NULL_CONVERSION = YES;
				CLANG_WARN_OBJC_IMPLICIT_RETAIN_SELF = YES;
				CLANG_WARN_OBJC_LITERAL_CONVERSION = YES;
				CLANG_WARN_OBJC_ROOT_CLASS = YES_ERROR;
				CLANG_WARN_RANGE_LOOP_ANALYSIS = YES;
				CLANG_WARN_STRICT_PROTOTYPES = YES;
				CLANG_WARN_SUSPICIOUS_MOVE = YES;
				CLANG_WARN_UNGUARDED_AVAILABILITY = YES_AGGRESSIVE;
				CLANG_WARN_UNREACHABLE_CODE = YES;
				CLANG_WARN__DUPLICATE_METHOD_MATCH = YES;
				COPY_PHASE_STRIP = NO;
				DEBUG_INFORMATION_FORMAT = "dwarf-with-dsym";
				ENABLE_NS_ASSERTIONS = NO;
				ENABLE_STRICT_OBJC_MSGSEND = YES;
				GCC_C_LANGUAGE_STANDARD = gnu11;
				GCC_NO_COMMON_BLOCKS = YES;
				GCC_WARN_64_TO_32_BIT_CONVERSION = YES;
				GCC_WARN_ABOUT_RETURN_TYPE = YES_ERROR;
				GCC_WARN_UNDECLARED_SELECTOR = YES;
				GCC_WARN_UNINITIALIZED_AUTOS = YES_AGGRESSIVE;
				GCC_WARN_UNUSED_FUNCTION = YES;
				GCC_WARN_UNUSED_VARIABLE = YES;
				IPHONEOS_DEPLOYMENT_TARGET = 13.1;
				MTL_ENABLE_DEBUG_INFO = NO;
				MTL_FAST_MATH = YES;
				SDKROOT = iphoneos;
				SWIFT_COMPILATION_MODE = wholemodule;
				SWIFT_OPTIMIZATION_LEVEL = "-O";
				VALIDATE_PRODUCT = YES;
			};
			name = Release;
		};
		04260446239D416900CF9F84 /* Debug */ = {
			isa = XCBuildConfiguration;
			buildSettings = {
				ASSETCATALOG_COMPILER_APPICON_NAME = AppIcon;
				CODE_SIGN_STYLE = Automatic;
				DEVELOPMENT_ASSET_PATHS = "\"HI/Preview Content\"";
				ENABLE_PREVIEWS = YES;
				INFOPLIST_FILE = HI/Info.plist;
				LD_RUNPATH_SEARCH_PATHS = (
					"$(inherited)",
					"@executable_path/Frameworks",
				);
				PRODUCT_BUNDLE_IDENTIFIER = computerprograming.HI;
				PRODUCT_NAME = "$(TARGET_NAME)";
				SWIFT_VERSION = 5.0;
				TARGETED_DEVICE_FAMILY = "1,2";
			};
			name = Debug;
		};
		04260447239D416900CF9F84 /* Release */ = {
			isa = XCBuildConfiguration;
			buildSettings = {
				ASSETCATALOG_COMPILER_APPICON_NAME = AppIcon;
				CODE_SIGN_STYLE = Automatic;
				DEVELOPMENT_ASSET_PATHS = "\"HI/Preview Content\"";
				ENABLE_PREVIEWS = YES;
				INFOPLIST_FILE = HI/Info.plist;
				LD_RUNPATH_SEARCH_PATHS = (
					"$(inherited)",
					"@executable_path/Frameworks",
				);
				PRODUCT_BUNDLE_IDENTIFIER = computerprograming.HI;
				PRODUCT_NAME = "$(TARGET_NAME)";
				SWIFT_VERSION = 5.0;
				TARGETED_DEVICE_FAMILY = "1,2";
			};
			name = Release;
		};
		04260449239D416900CF9F84 /* Debug */ = {
			isa = XCBuildConfiguration;
			buildSettings = {
				ALWAYS_EMBED_SWIFT_STANDARD_LIBRARIES = YES;
				BUNDLE_LOADER = "$(TEST_HOST)";
				CODE_SIGN_STYLE = Automatic;
				INFOPLIST_FILE = HITests/Info.plist;
				IPHONEOS_DEPLOYMENT_TARGET = 13.1;
				LD_RUNPATH_SEARCH_PATHS = (
					"$(inherited)",
					"@executable_path/Frameworks",
					"@loader_path/Frameworks",
				);
				PRODUCT_BUNDLE_IDENTIFIER = computerprograming.HITests;
				PRODUCT_NAME = "$(TARGET_NAME)";
				SWIFT_VERSION = 5.0;
				TARGETED_DEVICE_FAMILY = "1,2";
				TEST_HOST = "$(BUILT_PRODUCTS_DIR)/HI.app/HI";
			};
			name = Debug;
		};
		0426044A239D416900CF9F84 /* Release */ = {
			isa = XCBuildConfiguration;
			buildSettings = {
				ALWAYS_EMBED_SWIFT_STANDARD_LIBRARIES = YES;
				BUNDLE_LOADER = "$(TEST_HOST)";
				CODE_SIGN_STYLE = Automatic;
				INFOPLIST_FILE = HITests/Info.plist;
				IPHONEOS_DEPLOYMENT_TARGET = 13.1;
				LD_RUNPATH_SEARCH_PATHS = (
					"$(inherited)",
					"@executable_path/Frameworks",
					"@loader_path/Frameworks",
				);
				PRODUCT_BUNDLE_IDENTIFIER = computerprograming.HITests;
				PRODUCT_NAME = "$(TARGET_NAME)";
				SWIFT_VERSION = 5.0;
				TARGETED_DEVICE_FAMILY = "1,2";
				TEST_HOST = "$(BUILT_PRODUCTS_DIR)/HI.app/HI";
			};
			name = Release;
		};
		0426044C239D416900CF9F84 /* Debug */ = {
			isa = XCBuildConfiguration;
			buildSettings = {
				ALWAYS_EMBED_SWIFT_STANDARD_LIBRARIES = YES;
				CODE_SIGN_STYLE = Automatic;
				INFOPLIST_FILE = HIUITests/Info.plist;
				LD_RUNPATH_SEARCH_PATHS = (
					"$(inherited)",
					"@executable_path/Frameworks",
					"@loader_path/Frameworks",
				);
				PRODUCT_BUNDLE_IDENTIFIER = computerprograming.HIUITests;
				PRODUCT_NAME = "$(TARGET_NAME)";
				SWIFT_VERSION = 5.0;
				TARGETED_DEVICE_FAMILY = "1,2";
				TEST_TARGET_NAME = HI;
			};
			name = Debug;
		};
		0426044D239D416900CF9F84 /* Release */ = {
			isa = XCBuildConfiguration;
			buildSettings = {
				ALWAYS_EMBED_SWIFT_STANDARD_LIBRARIES = YES;
				CODE_SIGN_STYLE = Automatic;
				INFOPLIST_FILE = HIUITests/Info.plist;
				LD_RUNPATH_SEARCH_PATHS = (
					"$(inherited)",
					"@executable_path/Frameworks",
					"@loader_path/Frameworks",
				);
				PRODUCT_BUNDLE_IDENTIFIER = computerprograming.HIUITests;
				PRODUCT_NAME = "$(TARGET_NAME)";
				SWIFT_VERSION = 5.0;
				TARGETED_DEVICE_FAMILY = "1,2";
				TEST_TARGET_NAME = HI;
			};
			name = Release;
		};
/* End XCBuildConfiguration section */

/* Begin XCConfigurationList section */
		04260416239D416400CF9F84 /* Build configuration list for PBXProject "HI" */ = {
			isa = XCConfigurationList;
			buildConfigurations = (
				04260443239D416900CF9F84 /* Debug */,
				04260444239D416900CF9F84 /* Release */,
			);
			defaultConfigurationIsVisible = 0;
			defaultConfigurationName = Release;
		};
		04260445239D416900CF9F84 /* Build configuration list for PBXNativeTarget "HI" */ = {
			isa = XCConfigurationList;
			buildConfigurations = (
				04260446239D416900CF9F84 /* Debug */,
				04260447239D416900CF9F84 /* Release */,
			);
			defaultConfigurationIsVisible = 0;
			defaultConfigurationName = Release;
		};
		04260448239D416900CF9F84 /* Build configuration list for PBXNativeTarget "HITests" */ = {
			isa = XCConfigurationList;
			buildConfigurations = (
				04260449239D416900CF9F84 /* Debug */,
				0426044A239D416900CF9F84 /* Release */,
			);
			defaultConfigurationIsVisible = 0;
			defaultConfigurationName = Release;
		};
		0426044B239D416900CF9F84 /* Build configuration list for PBXNativeTarget "HIUITests" */ = {
			isa = XCConfigurationList;
			buildConfigurations = (
				0426044C239D416900CF9F84 /* Debug */,
				0426044D239D416900CF9F84 /* Release */,
			);
			defaultConfigurationIsVisible = 0;
			defaultConfigurationName = Release;
		};
/* End XCConfigurationList section */
	};
	rootObject = 04260413239D416400CF9F84 /* Project object */;
}
